// !$*UTF8*$!
{
	archiveVersion = 1;
	classes = {
	};
	objectVersion = 48;
	objects = {

/* Begin PBXBuildFile section */
		92E0AF281FB4676A00A8581F /* AppDelegate.swift in Sources */ = {isa = PBXBuildFile; fileRef = 92E0AF271FB4676A00A8581F /* AppDelegate.swift */; };
		92E0AF2A1FB4676A00A8581F /* ViewController.swift in Sources */ = {isa = PBXBuildFile; fileRef = 92E0AF291FB4676A00A8581F /* ViewController.swift */; };
		92E0AF2D1FB4676A00A8581F /* Main.storyboard in Resources */ = {isa = PBXBuildFile; fileRef = 92E0AF2B1FB4676A00A8581F /* Main.storyboard */; };
		92E0AF2F1FB4676B00A8581F /* Assets.xcassets in Resources */ = {isa = PBXBuildFile; fileRef = 92E0AF2E1FB4676B00A8581F /* Assets.xcassets */; };
		92E0AF321FB4676B00A8581F /* LaunchScreen.storyboard in Resources */ = {isa = PBXBuildFile; fileRef = 92E0AF301FB4676B00A8581F /* LaunchScreen.storyboard */; };
/* End PBXBuildFile section */

/* Begin PBXFileReference section */
		92E0AF241FB4676A00A8581F /* BeginnerTableView.app */ = {isa = PBXFileReference; explicitFileType = wrapper.application; includeInIndex = 0; path = BeginnerTableView.app; sourceTree = BUILT_PRODUCTS_DIR; };
		92E0AF271FB4676A00A8581F /* AppDelegate.swift */ = {isa = PBXFileReference; lastKnownFileType = sourcecode.swift; path = AppDelegate.swift; sourceTree = "<group>"; };
		92E0AF291FB4676A00A8581F /* ViewController.swift */ = {isa = PBXFileReference; lastKnownFileType = sourcecode.swift; path = ViewController.swift; sourceTree = "<group>"; };
		92E0AF2C1FB4676A00A8581F /* Base */ = {isa = PBXFileReference; lastKnownFileType = file.storyboard; name = Base; path = Base.lproj/Main.storyboard; sourceTree = "<group>"; };
		92E0AF2E1FB4676B00A8581F /* Assets.xcassets */ = {isa = PBXFileReference; lastKnownFileType = folder.assetcatalog; path = Assets.xcassets; sourceTree = "<group>"; };
		92E0AF311FB4676B00A8581F /* Base */ = {isa = PBXFileReference; lastKnownFileType = file.storyboard; name = Base; path = Base.lproj/LaunchScreen.storyboard; sourceTree = "<group>"; };
		92E0AF331FB4676B00A8581F /* Info.plist */ = {isa = PBXFileReference; lastKnownFileType = text.plist.xml; path = Info.plist; sourceTree = "<group>"; };
/* End PBXFileReference section */

/* Begin PBXFrameworksBuildPhase section */
		92E0AF211FB4676A00A8581F /* Frameworks */ = {
			isa = PBXFrameworksBuildPhase;
			buildActionMask = 2147483647;
			files = (
			);
			runOnlyForDeploymentPostprocessing = 0;
		};
/* End PBXFrameworksBuildPhase section */

/* Begin PBXGroup section */
		92E0AF1B1FB4676A00A8581F = {
			isa = PBXGroup;
			children = (
				92E0AF261FB4676A00A8581F /* BeginnerTableView */,
				92E0AF251FB4676A00A8581F /* Products */,
			);
			sourceTree = "<group>";
		};
		92E0AF251FB4676A00A8581F /* Products */ = {
			isa = PBXGroup;
			children = (
				92E0AF241FB4676A00A8581F /* BeginnerTableView.app */,
			);
			name = Products;
			sourceTree = "<group>";
		};
		92E0AF261FB4676A00A8581F /* BeginnerTableView */ = {
			isa = PBXGroup;
			children = (
				92E0AF271FB4676A00A8581F /* AppDelegate.swift */,
				92E0AF291FB4676A00A8581F /* ViewController.swift */,
				92E0AF2B1FB4676A00A8581F /* Main.storyboard */,
				92E0AF2E1FB4676B00A8581F /* Assets.xcassets */,
				92E0AF301FB4676B00A8581F /* LaunchScreen.storyboard */,
				92E0AF331FB4676B00A8581F /* Info.plist */,
			);
			path = BeginnerTableView;
			sourceTree = "<group>";
		};
/* End PBXGroup section */

/* Begin PBXNativeTarget section */
		92E0AF231FB4676A00A8581F /* BeginnerTableView */ = {
			isa = PBXNativeTarget;
			buildConfigurationList = 92E0AF361FB4676B00A8581F /* Build configuration list for PBXNativeTarget "BeginnerTableView" */;
			buildPhases = (
				92E0AF201FB4676A00A8581F /* Sources */,
				92E0AF211FB4676A00A8581F /* Frameworks */,
				92E0AF221FB4676A00A8581F /* Resources */,
			);
			buildRules = (
			);
			dependencies = (
			);
			name = BeginnerTableView;
			productName = BeginnerTableView;
			productReference = 92E0AF241FB4676A00A8581F /* BeginnerTableView.app */;
			productType = "com.apple.product-type.application";
		};
/* End PBXNativeTarget section */

/* Begin PBXProject section */
		92E0AF1C1FB4676A00A8581F /* Project object */ = {
			isa = PBXProject;
			attributes = {
				LastSwiftUpdateCheck = 0910;
				LastUpgradeCheck = 0910;
				ORGANIZATIONNAME = Nymain;
				TargetAttributes = {
					92E0AF231FB4676A00A8581F = {
						CreatedOnToolsVersion = 9.1;
						ProvisioningStyle = Automatic;
					};
				};
			};
			buildConfigurationList = 92E0AF1F1FB4676A00A8581F /* Build configuration list for PBXProject "BeginnerTableView" */;
			compatibilityVersion = "Xcode 8.0";
			developmentRegion = en;
			hasScannedForEncodings = 0;
			knownRegions = (
				en,
				Base,
			);
			mainGroup = 92E0AF1B1FB4676A00A8581F;
			productRefGroup = 92E0AF251FB4676A00A8581F /* Products */;
			projectDirPath = "";
			projectRoot = "";
			targets = (
				92E0AF231FB4676A00A8581F /* BeginnerTableView */,
			);
		};
/* End PBXProject section */

/* Begin PBXResourcesBuildPhase section */
		92E0AF221FB4676A00A8581F /* Resources */ = {
			isa = PBXResourcesBuildPhase;
			buildActionMask = 2147483647;
			files = (
				92E0AF321FB4676B00A8581F /* LaunchScreen.storyboard in Resources */,
				92E0AF2F1FB4676B00A8581F /* Assets.xcassets in Resources */,
				92E0AF2D1FB4676A00A8581F /* Main.storyboard in Resources */,
			);
			runOnlyForDeploymentPostprocessing = 0;
		};
/* End PBXResourcesBuildPhase section */

/* Begin PBXSourcesBuildPhase section */
		92E0AF201FB4676A00A8581F /* Sources */ = {
			isa = PBXSourcesBuildPhase;
			buildActionMask = 2147483647;
			files = (
				92E0AF2A1FB4676A00A8581F /* ViewController.swift in Sources */,
				92E0AF281FB4676A00A8581F /* AppDelegate.swift in Sources */,
			);
			runOnlyForDeploymentPostprocessing = 0;
		};
/* End PBXSourcesBuildPhase section */

/* Begin PBXVariantGroup section */
		92E0AF2B1FB4676A00A8581F /* Main.storyboard */ = {
			isa = PBXVariantGroup;
			children = (
				92E0AF2C1FB4676A00A8581F /* Base */,
			);
			name = Main.storyboard;
			sourceTree = "<group>";
		};
		92E0AF301FB4676B00A8581F /* LaunchScreen.storyboard */ = {
			isa = PBXVariantGroup;
			children = (
				92E0AF311FB4676B00A8581F /* Base */,
			);
			name = LaunchScreen.storyboard;
			sourceTree = "<group>";
		};
/* End PBXVariantGroup section */

/* Begin XCBuildConfiguration section */
		92E0AF341FB4676B00A8581F /* Debug */ = {
			isa = XCBuildConfiguration;
			buildSettings = {
				ALWAYS_SEARCH_USER_PATHS = NO;
				CLANG_ANALYZER_NONNULL = YES;
				CLANG_ANALYZER_NUMBER_OBJECT_CONVERSION = YES_AGGRESSIVE;
				CLANG_CXX_LANGUAGE_STANDARD = "gnu++14";
				CLANG_CXX_LIBRARY = "libc++";
				CLANG_ENABLE_MODULES = YES;
				CLANG_ENABLE_OBJC_ARC = YES;
				CLANG_WARN_BLOCK_CAPTURE_AUTORELEASING = YES;
				CLANG_WARN_BOOL_CONVERSION = YES;
				CLANG_WARN_COMMA = YES;
				CLANG_WARN_CONSTANT_CONVERSION = YES;
				CLANG_WARN_DIRECT_OBJC_ISA_USAGE = YES_ERROR;
				CLANG_WARN_DOCUMENTATION_COMMENTS = YES;
				CLANG_WARN_EMPTY_BODY = YES;
				CLANG_WARN_ENUM_CONVERSION = YES;
				CLANG_WARN_INFINITE_RECURSION = YES;
				CLANG_WARN_INT_CONVERSION = YES;
				CLANG_WARN_NON_LITERAL_NULL_CONVERSION = YES;
				CLANG_WARN_OBJC_LITERAL_CONVERSION = YES;
				CLANG_WARN_OBJC_ROOT_CLASS = YES_ERROR;
				CLANG_WARN_RANGE_LOOP_ANALYSIS = YES;
				CLANG_WARN_STRICT_PROTOTYPES = YES;
				CLANG_WARN_SUSPICIOUS_MOVE = YES;
				CLANG_WARN_UNGUARDED_AVAILABILITY = YES_AGGRESSIVE;
				CLANG_WARN_UNREACHABLE_CODE = YES;
				CLANG_WARN__DUPLICATE_METHOD_MATCH = YES;
				CODE_SIGN_IDENTITY = "iPhone Developer";
				COPY_PHASE_STRIP = NO;
				DEBUG_INFORMATION_FORMAT = dwarf;
				ENABLE_STRICT_OBJC_MSGSEND = YES;
				ENABLE_TESTABILITY = YES;
				GCC_C_LANGUAGE_STANDARD = gnu11;
				GCC_DYNAMIC_NO_PIC = NO;
				GCC_NO_COMMON_BLOCKS = YES;
				GCC_OPTIMIZATION_LEVEL = 0;
				GCC_PREPROCESSOR_DEFINITIONS = (
					"DEBUG=1",
					"$(inherited)",
				);
				GCC_WARN_64_TO_32_BIT_CONVERSION = YES;
				GCC_WARN_ABOUT_RETURN_TYPE = YES_ERROR;
				GCC_WARN_UNDECLARED_SELECTOR = YES;
				GCC_WARN_UNINITIALIZED_AUTOS = YES_AGGRESSIVE;
				GCC_WARN_UNUSED_FUNCTION = YES;
				GCC_WARN_UNUSED_VARIABLE = YES;
				IPHONEOS_DEPLOYMENT_TARGET = 11.1;
				MTL_ENABLE_DEBUG_INFO = YES;
				ONLY_ACTIVE_ARCH = YES;
				SDKROOT = iphoneos;
				SWIFT_ACTIVE_COMPILATION_CONDITIONS = DEBUG;
				SWIFT_OPTIMIZATION_LEVEL = "-Onone";
			};
			name = Debug;
		};
		92E0AF351FB4676B00A8581F /* Release */ = {
			isa = XCBuildConfiguration;
			buildSettings = {
				ALWAYS_SEARCH_USER_PATHS = NO;
				CLANG_ANALYZER_NONNULL = YES;
				CLANG_ANALYZER_NUMBER_OBJECT_CONVERSION = YES_AGGRESSIVE;
				CLANG_CXX_LANGUAGE_STANDARD = "gnu++14";
				CLANG_CXX_LIBRARY = "libc++";
				CLANG_ENABLE_MODULES = YES;
				CLANG_ENABLE_OBJC_ARC = YES;
				CLANG_WARN_BLOCK_CAPTURE_AUTORELEASING = YES;
				CLANG_WARN_BOOL_CONVERSION = YES;
				CLANG_WARN_COMMA = YES;
				CLANG_WARN_CONSTANT_CONVERSION = YES;
				CLANG_WARN_DIRECT_OBJC_ISA_USAGE = YES_ERROR;
				CLANG_WARN_DOCUMENTATION_COMMENTS = YES;
				CLANG_WARN_EMPTY_BODY = YES;
				CLANG_WARN_ENUM_CONVERSION = YES;
				CLANG_WARN_INFINITE_RECURSION = YES;
				CLANG_WARN_INT_CONVERSION = YES;
				CLANG_WARN_NON_LITERAL_NULL_CONVERSION = YES;
				CLANG_WARN_OBJC_LITERAL_CONVERSION = YES;
				CLANG_WARN_OBJC_ROOT_CLASS = YES_ERROR;
				CLANG_WARN_RANGE_LOOP_ANALYSIS = YES;
				CLANG_WARN_STRICT_PROTOTYPES = YES;
				CLANG_WARN_SUSPICIOUS_MOVE = YES;
				CLANG_WARN_UNGUARDED_AVAILABILITY = YES_AGGRESSIVE;
				CLANG_WARN_UNREACHABLE_CODE = YES;
				CLANG_WARN__DUPLICATE_METHOD_MATCH = YES;
				CODE_SIGN_IDENTITY = "iPhone Developer";
				COPY_PHASE_STRIP = NO;
				DEBUG_INFORMATION_FORMAT = "dwarf-with-dsym";
				ENABLE_NS_ASSERTIONS = NO;
				ENABLE_STRICT_OBJC_MSGSEND = YES;
				GCC_C_LANGUAGE_STANDARD = gnu11;
				GCC_NO_COMMON_BLOCKS = YES;
				GCC_WARN_64_TO_32_BIT_CONVERSION = YES;
				GCC_WARN_ABOUT_RETURN_TYPE = YES_ERROR;
				GCC_WARN_UNDECLARED_SELECTOR = YES;
				GCC_WARN_UNINITIALIZED_AUTOS = YES_AGGRESSIVE;
				GCC_WARN_UNUSED_FUNCTION = YES;
				GCC_WARN_UNUSED_VARIABLE = YES;
				IPHONEOS_DEPLOYMENT_TARGET = 11.1;
				MTL_ENABLE_DEBUG_INFO = NO;
				SDKROOT = iphoneos;
				SWIFT_OPTIMIZATION_LEVEL = "-Owholemodule";
				VALIDATE_PRODUCT = YES;
			};
			name = Release;
		};
		92E0AF371FB4676B00A8581F /* Debug */ = {
			isa = XCBuildConfiguration;
			buildSettings = {
				ASSETCATALOG_COMPILER_APPICON_NAME = AppIcon;
				CODE_SIGN_STYLE = Automatic;
				DEVELOPMENT_TEAM = 8U6XLFBVKJ;
				INFOPLIST_FILE = BeginnerTableView/Info.plist;
				LD_RUNPATH_SEARCH_PATHS = "$(inherited) @executable_path/Frameworks";
				PRODUCT_BUNDLE_IDENTIFIER = com.nygaardsvoll.BeginnerTableView;
				PRODUCT_NAME = "$(TARGET_NAME)";
				SWIFT_VERSION = 4.0;
				TARGETED_DEVICE_FAMILY = "1,2";
			};
			name = Debug;
		};
		92E0AF381FB4676B00A8581F /* Release */ = {
			isa = XCBuildConfiguration;
			buildSettings = {
				ASSETCATALOG_COMPILER_APPICON_NAME = AppIcon;
				CODE_SIGN_STYLE = Automatic;
				DEVELOPMENT_TEAM = 8U6XLFBVKJ;
				INFOPLIST_FILE = BeginnerTableView/Info.plist;
				LD_RUNPATH_SEARCH_PATHS = "$(inherited) @executable_path/Frameworks";
				PRODUCT_BUNDLE_IDENTIFIER = com.nygaardsvoll.BeginnerTableView;
				PRODUCT_NAME = "$(TARGET_NAME)";
				SWIFT_VERSION = 4.0;
				TARGETED_DEVICE_FAMILY = "1,2";
			};
			name = Release;
		};
/* End XCBuildConfiguration section */

/* Begin XCConfigurationList section */
		92E0AF1F1FB4676A00A8581F /* Build configuration list for PBXProject "BeginnerTableView" */ = {
			isa = XCConfigurationList;
			buildConfigurations = (
				92E0AF341FB4676B00A8581F /* Debug */,
				92E0AF351FB4676B00A8581F /* Release */,
			);
			defaultConfigurationIsVisible = 0;
			defaultConfigurationName = Release;
		};
		92E0AF361FB4676B00A8581F /* Build configuration list for PBXNativeTarget "BeginnerTableView" */ = {
			isa = XCConfigurationList;
			buildConfigurations = (
				92E0AF371FB4676B00A8581F /* Debug */,
				92E0AF381FB4676B00A8581F /* Release */,
			);
			defaultConfigurationIsVisible = 0;
			defaultConfigurationName = Release;
		};
/* End XCConfigurationList section */
	};
	rootObject = 92E0AF1C1FB4676A00A8581F /* Project object */;
}
